
Microsoft Visual Studio Solution File, Format Version 12.00
# Visual Studio Version 22
VisualStudioVersion = 17.4.33110.190
MinimumVisualStudioVersion = 10.0.40219.1
Project("{9A19103F-16F7-4668-BE54-9A1E7A4F7556}") = "RowingManager", "RowingManager.csproj", "{495D1801-E704-4DA9-A967-05FEA591D90C}"
EndProject
Global
	GlobalSection(SolutionConfigurationPlatforms) = preSolution
		Debug|Any CPU = Debug|Any CPU
		Release|Any CPU = Release|Any CPU
	EndGlobalSection
	GlobalSection(ProjectConfigurationPlatforms) = postSolution
		{495D1801-E704-4DA9-A967-05FEA591D90C}.Debug|Any CPU.ActiveCfg = Debug|Any CPU
		{495D1801-E704-4DA9-A967-05FEA591D90C}.Debug|Any CPU.Build.0 = Debug|Any CPU
		{495D1801-E704-4DA9-A967-05FEA591D90C}.Release|Any CPU.ActiveCfg = Release|Any CPU
		{495D1801-E704-4DA9-A967-05FEA591D90C}.Release|Any CPU.Build.0 = Release|Any CPU
	EndGlobalSection
	GlobalSection(SolutionProperties) = preSolution
		HideSolutionNode = FALSE
	EndGlobalSection
	GlobalSection(ExtensibilityGlobals) = postSolution
		SolutionGuid = {57615334-3DDC-404E-AD22-D73D11C07B60}
	EndGlobalSection
EndGlobal
